
Microsoft Visual Studio Solution File, Format Version 12.00
# Visual Studio Version 17
VisualStudioVersion = 17.9.34728.123
MinimumVisualStudioVersion = 10.0.40219.1
Project("{FAE04EC0-301F-11D3-BF4B-00C04F79EFBC}") = "NgAir.FrontEnd", "NgAir.FrontEnd\NgAir.FrontEnd.csproj", "{E6ADAE61-4AAC-4E3C-9ACC-2C5AD62E8EEE}"
EndProject
Project("{FAE04EC0-301F-11D3-BF4B-00C04F79EFBC}") = "NgAir.BackEnd", "NgAir.BackEnd\NgAir.BackEnd.csproj", "{5F41726C-1DBB-4F96-BDB8-99C4A726F92A}"
EndProject
Project("{FAE04EC0-301F-11D3-BF4B-00C04F79EFBC}") = "NgAir.Shared", "NgAir.Shared\NgAir.Shared.csproj", "{C0866F73-9C8E-4681-97FD-98974B6B511B}"
EndProject
Project("{FAE04EC0-301F-11D3-BF4B-00C04F79EFBC}") = "NgAir.Tests", "NgAir.Tests\NgAir.Tests.csproj", "{A81E83FF-7FC4-4998-8DE2-CDE0F08DE770}"
EndProject
Global
	GlobalSection(SolutionConfigurationPlatforms) = preSolution
		Debug|Any CPU = Debug|Any CPU
		Release|Any CPU = Release|Any CPU
	EndGlobalSection
	GlobalSection(ProjectConfigurationPlatforms) = postSolution
		{E6ADAE61-4AAC-4E3C-9ACC-2C5AD62E8EEE}.Debug|Any CPU.ActiveCfg = Debug|Any CPU
		{E6ADAE61-4AAC-4E3C-9ACC-2C5AD62E8EEE}.Debug|Any CPU.Build.0 = Debug|Any CPU
		{E6ADAE61-4AAC-4E3C-9ACC-2C5AD62E8EEE}.Release|Any CPU.ActiveCfg = Release|Any CPU
		{E6ADAE61-4AAC-4E3C-9ACC-2C5AD62E8EEE}.Release|Any CPU.Build.0 = Release|Any CPU
		{5F41726C-1DBB-4F96-BDB8-99C4A726F92A}.Debug|Any CPU.ActiveCfg = Debug|Any CPU
		{5F41726C-1DBB-4F96-BDB8-99C4A726F92A}.Debug|Any CPU.Build.0 = Debug|Any CPU
		{5F41726C-1DBB-4F96-BDB8-99C4A726F92A}.Release|Any CPU.ActiveCfg = Release|Any CPU
		{5F41726C-1DBB-4F96-BDB8-99C4A726F92A}.Release|Any CPU.Build.0 = Release|Any CPU
		{C0866F73-9C8E-4681-97FD-98974B6B511B}.Debug|Any CPU.ActiveCfg = Debug|Any CPU
		{C0866F73-9C8E-4681-97FD-98974B6B511B}.Debug|Any CPU.Build.0 = Debug|Any CPU
		{C0866F73-9C8E-4681-97FD-98974B6B511B}.Release|Any CPU.ActiveCfg = Release|Any CPU
		{C0866F73-9C8E-4681-97FD-98974B6B511B}.Release|Any CPU.Build.0 = Release|Any CPU
		{A81E83FF-7FC4-4998-8DE2-CDE0F08DE770}.Debug|Any CPU.ActiveCfg = Debug|Any CPU
		{A81E83FF-7FC4-4998-8DE2-CDE0F08DE770}.Debug|Any CPU.Build.0 = Debug|Any CPU
		{A81E83FF-7FC4-4998-8DE2-CDE0F08DE770}.Release|Any CPU.ActiveCfg = Release|Any CPU
		{A81E83FF-7FC4-4998-8DE2-CDE0F08DE770}.Release|Any CPU.Build.0 = Release|Any CPU
	EndGlobalSection
	GlobalSection(SolutionProperties) = preSolution
		HideSolutionNode = FALSE
	EndGlobalSection
	GlobalSection(ExtensibilityGlobals) = postSolution
		SolutionGuid = {EE5AA16F-9014-478E-B2EE-0F16A9D22646}
	EndGlobalSection
EndGlobal
